
Microsoft Visual Studio Solution File, Format Version 12.00
# Visual Studio Version 16
VisualStudioVersion = 16.0.29306.81
MinimumVisualStudioVersion = 10.0.40219.1
Project("{FAE04EC0-301F-11D3-BF4B-00C04F79EFBC}") = "OpenLab 02.4", "OpenLab 02.4\OpenLab 02.4.csproj", "{2E46A0CC-2505-4717-B17C-4790A93E9611}"
EndProject
Global
	GlobalSection(SolutionConfigurationPlatforms) = preSolution
		Debug|Any CPU = Debug|Any CPU
		Release|Any CPU = Release|Any CPU
	EndGlobalSection
	GlobalSection(ProjectConfigurationPlatforms) = postSolution
		{2E46A0CC-2505-4717-B17C-4790A93E9611}.Debug|Any CPU.ActiveCfg = Debug|Any CPU
		{2E46A0CC-2505-4717-B17C-4790A93E9611}.Debug|Any CPU.Build.0 = Debug|Any CPU
		{2E46A0CC-2505-4717-B17C-4790A93E9611}.Release|Any CPU.ActiveCfg = Release|Any CPU
		{2E46A0CC-2505-4717-B17C-4790A93E9611}.Release|Any CPU.Build.0 = Release|Any CPU
	EndGlobalSection
	GlobalSection(SolutionProperties) = preSolution
		HideSolutionNode = FALSE
	EndGlobalSection
	GlobalSection(ExtensibilityGlobals) = postSolution
		SolutionGuid = {5C06A749-2E1D-4694-89ED-47A081AB3E04}
	EndGlobalSection
EndGlobal
